{
  "nodes": {
    "agkozak-zsh-prompt": {
      "flake": false,
      "locked": {
        "lastModified": 1780013654,
        "narHash": "sha256-C9lyOm2+RVLOUSO5Vz013uTobnN+SBE1Jm8GuJZ7T7U=",
        "type": "tarball",
        "url": "https://github.com/agkozak/agkozak-zsh-prompt/archive/2055c42a6e2f5bdc6e8dc4b453b0084ced3f471a.tar.gz"
      },
      "original": {
        "type": "tarball",
        "url": "https://github.com/agkozak/agkozak-zsh-prompt/archive/2055c42a6e2f5bdc6e8dc4b453b0084ced3f471a.tar.gz"
      }
    },
    "broot-nord": {
      "flake": false,
      "locked": {
        "lastModified": 1634738995,
        "narHash": "sha256-p+xLTFnZgAB6c91KbcQfZrJ9XDNtJVMeqcdddIZSaiY=",
        "type": "tarball",
        "url": "https://github.com/kreigor/broot-nord-theme/archive/a4315f0e82e892227b0da0f3228128f809a48243.tar.gz"
      },
      "original": {
        "type": "tarball",
        "url": "https://github.com/kreigor/broot-nord-theme/archive/a4315f0e82e892227b0da0f3228128f809a48243.tar.gz"
      }
    },
    "bun2nix": {
      "inputs": {
        "flake-parts": "flake-parts",
        "import-tree": "import-tree",
        "nixpkgs": [
          "hunk",
          "nixpkgs"
        ],
        "systems": [
          "hunk",
          "systems"
        ],
        "treefmt-nix": "treefmt-nix"
      },
      "locked": {
        "lastModified": 1770895533,
        "narHash": "sha256-v3QaK9ugy9bN9RXDnjw0i2OifKmz2NnKM82agtqm/UY=",
        "type": "tarball",
        "url": "https://github.com/nix-community/bun2nix/archive/c843f477b15f51151f8c6bcc886954699440a6e1.tar.gz"
      },
      "original": {
        "type": "tarball",
        "url": "https://github.com/nix-community/bun2nix/archive/c843f477b15f51151f8c6bcc886954699440a6e1.tar.gz"
      }
    },
    "dracula-nord": {
      "flake": false,
      "locked": {
        "lastModified": 1675050185,
        "narHash": "sha256-rhWzubpoDM71UUVtZP8csaybb/YQtIy3t3ifDJXUXHw=",
        "type": "tarball",
        "url": "https://github.com/hjkcai/dracula-nord/archive/636c199a1461df66237e55918dfe43c4537e6860.tar.gz"
      },
      "original": {
        "type": "tarball",
        "url": "https://github.com/hjkcai/dracula-nord/archive/636c199a1461df66237e55918dfe43c4537e6860.tar.gz"
      }
    },
    "fast-syntax-highlighting": {
      "flake": false,
      "locked": {
        "lastModified": 1788160444,
        "narHash": "sha256-gXTJv+k4OSgwiM7vy91v7tLLHre0f5XeSor3n/b2euI=",
        "type": "tarball",
        "url": "https://github.com/zdharma-continuum/fast-syntax-highlighting/archive/4672ad5dd9ad68a7effc1476d65afb7c584ce2b3.tar.gz"
      },
      "original": {
        "type": "tarball",
        "url": "https://github.com/zdharma-continuum/fast-syntax-highlighting/archive/4672ad5dd9ad68a7effc1476d65afb7c584ce2b3.tar.gz"
      }
    },
    "flake-parts": {
      "inputs": {
        "nixpkgs-lib": "nixpkgs-lib"
      },
      "locked": {
        "lastModified": 1769996383,
        "narHash": "sha256-AnYjnFWgS49RlqX7LrC4uA+sCCDBj0Ry/WOJ5XWAsa0=",
        "type": "tarball",
        "url": "https://github.com/hercules-ci/flake-parts/archive/57928607ea566b5db3ad13af0e57e921e6b12381.tar.gz"
      },
      "original": {
        "type": "tarball",
        "url": "https://github.com/hercules-ci/flake-parts/archive/57928607ea566b5db3ad13af0e57e921e6b12381.tar.gz"
      }
    },
    "fzf-tab": {
      "flake": false,
      "locked": {
        "lastModified": 1780551775,
        "narHash": "sha256-YhTSu0P7mFlVx1zBvbT0jNstkamcZHhPYJHKMAHgyuM=",
        "type": "tarball",
        "url": "https://github.com/Aloxaf/fzf-tab/archive/24105b15714bfec37989ed5c5b6e60f572253019.tar.gz"
      },
      "original": {
        "type": "tarball",
        "url": "https://github.com/Aloxaf/fzf-tab/archive/24105b15714bfec37989ed5c5b6e60f572253019.tar.gz"
      }
    },
    "fzf-zsh-plugin": {
      "flake": false,
      "locked": {
        "lastModified": 1788778161,
        "narHash": "sha256-MN5CbwzTT7G0zZIkXcZNrmcey7g85ODG28/fQq9+wbQ=",
        "type": "tarball",
        "url": "https://github.com/unixorn/fzf-zsh-plugin/archive/e3894e83a3e8a3e8751456d56c51bb49b34e8d2b.tar.gz"
      },
      "original": {
        "type": "tarball",
        "url": "https://github.com/unixorn/fzf-zsh-plugin/archive/e3894e83a3e8a3e8751456d56c51bb49b34e8d2b.tar.gz"
      }
    },
    "herdr-automatic-rename": {
      "flake": false,
      "locked": {
        "lastModified": 1790468693,
        "narHash": "sha256-xnkPi8qX+HfjjPQGtL+1eu2xg7X4nc8NiP0uJpb0/jg=",
        "type": "tarball",
        "url": "https://github.com/qu8n/herdr-automatic-rename/archive/72bbc7ec93f483be8aea2dcc09407ec8bd6bd5fa.tar.gz"
      },
      "original": {
        "type": "tarball",
        "url": "https://github.com/qu8n/herdr-automatic-rename/archive/72bbc7ec93f483be8aea2dcc09407ec8bd6bd5fa.tar.gz"
      }
    },
    "home-manager": {
      "inputs": {
        "nixpkgs": [
          "nixpkgs"
        ]
      },
      "locked": {
        "lastModified": 1790215976,
        "narHash": "sha256-VkR1rMGyjU9jtw8ISFx5uqR9e+LEaOlhHwrseFkiIVk=",
        "type": "tarball",
        "url": "https://github.com/nix-community/home-manager/archive/a6631107a83ceab5872f298a2ea710859c80c4cb.tar.gz"
      },
      "original": {
        "type": "tarball",
        "url": "https://github.com/nix-community/home-manager/archive/a6631107a83ceab5872f298a2ea710859c80c4cb.tar.gz"
      }
    },
    "hunk": {
      "inputs": {
        "bun2nix": "bun2nix",
        "nixpkgs": [
          "nixpkgs"
        ],
        "systems": "systems"
      },
      "locked": {
        "lastModified": 1790283229,
        "narHash": "sha256-1Y/cbxblXH6qyf8MQtClG7jLShcct0jx44J9RQtTWqc=",
        "type": "tarball",
        "url": "https://github.com/modem-dev/hunk/archive/6dcd98989a99ae0cdbbda840a0c3c2791a521d06.tar.gz"
      },
      "original": {
        "type": "tarball",
        "url": "https://github.com/modem-dev/hunk/archive/6dcd98989a99ae0cdbbda840a0c3c2791a521d06.tar.gz"
      }
    },
    "import-tree": {
      "locked": {
        "lastModified": 1763762820,
        "narHash": "sha256-ZvYKbFib3AEwiNMLsejb/CWs/OL/srFQ8AogkebEPF0=",
        "type": "tarball",
        "url": "https://github.com/vic/import-tree/archive/3c23749d8013ec6daa1d7255057590e9ca726646.tar.gz"
      },
      "original": {
        "type": "tarball",
        "url": "https://github.com/vic/import-tree/archive/3c23749d8013ec6daa1d7255057590e9ca726646.tar.gz"
      }
    },
    "n": {
      "flake": false,
      "locked": {
        "lastModified": 1713659644,
        "narHash": "sha256-xXpBVGE1hitQnCI781adiZQUpUf+KKlQtfoT8N1kKQw=",
        "type": "tarball",
        "url": "https://github.com/tj/n/archive/371affba8a21ec95ca1cab784ef409c879e6ce83.tar.gz"
      },
      "original": {
        "type": "tarball",
        "url": "https://github.com/tj/n/archive/371affba8a21ec95ca1cab784ef409c879e6ce83.tar.gz"
      }
    },
    "nixpkgs": {
      "locked": {
        "lastModified": 1790450978,
        "narHash": "sha256-/eLCD/X9kaWJqPR47+fDozEC87Hjmm3i8gJbYmDAD7g=",
        "type": "tarball",
        "url": "https://github.com/NixOS/nixpkgs/archive/5e2305d577ca00acbba631b05cb1094d172b29f3.tar.gz"
      },
      "original": {
        "type": "tarball",
        "url": "https://github.com/NixOS/nixpkgs/archive/5e2305d577ca00acbba631b05cb1094d172b29f3.tar.gz"
      }
    },
    "nixpkgs-herdr": {
      "locked": {
        "lastModified": 1790185690,
        "narHash": "sha256-xJ+X4hBtOcAFGBOe5nAMyMUeF9foJBmIOu3NjBqBycU=",
        "type": "tarball",
        "url": "https://github.com/NixOS/nixpkgs/archive/4975466d324710c576dc11ad614684e6bd8cad8e.tar.gz"
      },
      "original": {
        "type": "tarball",
        "url": "https://github.com/NixOS/nixpkgs/archive/4975466d324710c576dc11ad614684e6bd8cad8e.tar.gz"
      }
    },
    "nixpkgs-lib": {
      "locked": {
        "lastModified": 1769909678,
        "narHash": "sha256-cBEymOf4/o3FD5AZnzC3J9hLbiZ+QDT/KDuyHXVJOpM=",
        "type": "tarball",
        "url": "https://github.com/nix-community/nixpkgs.lib/archive/72716169fe93074c333e8d0173151350670b824c.tar.gz"
      },
      "original": {
        "type": "tarball",
        "url": "https://github.com/nix-community/nixpkgs.lib/archive/72716169fe93074c333e8d0173151350670b824c.tar.gz"
      }
    },
    "root": {
      "inputs": {
        "agkozak-zsh-prompt": "agkozak-zsh-prompt",
        "broot-nord": "broot-nord",
        "dracula-nord": "dracula-nord",
        "fast-syntax-highlighting": "fast-syntax-highlighting",
        "fzf-tab": "fzf-tab",
        "fzf-zsh-plugin": "fzf-zsh-plugin",
        "herdr-automatic-rename": "herdr-automatic-rename",
        "home-manager": "home-manager",
        "hunk": "hunk",
        "n": "n",
        "nixpkgs": "nixpkgs",
        "nixpkgs-herdr": "nixpkgs-herdr",
        "zsh-autosuggestions": "zsh-autosuggestions",
        "zsh-docker-aliases": "zsh-docker-aliases",
        "zsh-vi-mode": "zsh-vi-mode",
        "zsh-z": "zsh-z"
      }
    },
    "systems": {
      "locked": {
        "lastModified": 1776166891,
        "narHash": "sha256-bI8yrEGjrohR5hkQox7UrxDH7XqrYMwI8SL/LrJ1+S8=",
        "type": "tarball",
        "url": "https://github.com/nix-systems/triplet/archive/6de7bc09397911ce03636afbcf6118745ab2cda0.tar.gz"
      },
      "original": {
        "type": "tarball",
        "url": "https://github.com/nix-systems/triplet/archive/6de7bc09397911ce03636afbcf6118745ab2cda0.tar.gz"
      }
    },
    "treefmt-nix": {
      "inputs": {
        "nixpkgs": [
          "hunk",
          "bun2nix",
          "nixpkgs"
        ]
      },
      "locked": {
        "lastModified": 1770228511,
        "narHash": "sha256-wQ6NJSuFqAEmIg2VMnLdCnUc0b7vslUohqqGGD+Fyxk=",
        "type": "tarball",
        "url": "https://github.com/numtide/treefmt-nix/archive/337a4fe074be1042a35086f15481d763b8ddc0e7.tar.gz"
      },
      "original": {
        "type": "tarball",
        "url": "https://github.com/numtide/treefmt-nix/archive/337a4fe074be1042a35086f15481d763b8ddc0e7.tar.gz"
      }
    },
    "zsh-autosuggestions": {
      "flake": false,
      "locked": {
        "lastModified": 1750781703,
        "narHash": "sha256-KmkXgK1J6iAyb1FtF/gOa0adUnh1pgFsgQOUnNngBaE=",
        "type": "tarball",
        "url": "https://github.com/zsh-users/zsh-autosuggestions/archive/85919cd1ffa7d2d5412f6d3fe437ebdbeeec4fc5.tar.gz"
      },
      "original": {
        "type": "tarball",
        "url": "https://github.com/zsh-users/zsh-autosuggestions/archive/85919cd1ffa7d2d5412f6d3fe437ebdbeeec4fc5.tar.gz"
      }
    },
    "zsh-docker-aliases": {
      "flake": false,
      "locked": {
        "lastModified": 1781706612,
        "narHash": "sha256-nvcG+r4pks40aiZoH5cDIfwhg5aoWImOo7CF0SinFLM=",
        "type": "tarball",
        "url": "https://github.com/akarzim/zsh-docker-aliases/archive/77716803ac38ed0ab414c71ff25c8f9565ec2849.tar.gz"
      },
      "original": {
        "type": "tarball",
        "url": "https://github.com/akarzim/zsh-docker-aliases/archive/77716803ac38ed0ab414c71ff25c8f9565ec2849.tar.gz"
      }
    },
    "zsh-vi-mode": {
      "flake": false,
      "locked": {
        "lastModified": 1784474380,
        "narHash": "sha256-5ZYcxl5sjfn1XfQ7D28Si4OXwCHHapAJSboJfNgl/5A=",
        "type": "tarball",
        "url": "https://github.com/jeffreytse/zsh-vi-mode/archive/91cafe4a09b6670cb8e761aa413e5f7b9e00816f.tar.gz"
      },
      "original": {
        "type": "tarball",
        "url": "https://github.com/jeffreytse/zsh-vi-mode/archive/91cafe4a09b6670cb8e761aa413e5f7b9e00816f.tar.gz"
      }
    },
    "zsh-z": {
      "flake": false,
      "locked": {
        "lastModified": 1786729666,
        "narHash": "sha256-r12crTTTYRYztuTCz7/59d4ig/O1x+I7lvf4r+b2fFM=",
        "type": "tarball",
        "url": "https://github.com/agkozak/zsh-z/archive/102fb78036ed76feedf623907483691777a1d510.tar.gz"
      },
      "original": {
        "type": "tarball",
        "url": "https://github.com/agkozak/zsh-z/archive/102fb78036ed76feedf623907483691777a1d510.tar.gz"
      }
    }
  },
  "root": "root",
  "version": 7
}
